
Microsoft Visual Studio Solution File, Format Version 12.00
# Visual Studio Version 17
VisualStudioVersion = 17.3.32929.385
MinimumVisualStudioVersion = 10.0.40219.1
Project("{FAE04EC0-301F-11D3-BF4B-00C04F79EFBC}") = "Domain", "Domain\Domain.csproj", "{44023FD9-EE5F-4316-B44C-8AAF50ECD5A9}"
EndProject
Project("{FAE04EC0-301F-11D3-BF4B-00C04F79EFBC}") = "CommunicationClasses", "CommunicationClasses\CommunicationClasses.csproj", "{44787B45-CA19-414C-9A56-97C136E1CBC6}"
EndProject
Project("{FAE04EC0-301F-11D3-BF4B-00C04F79EFBC}") = "Client", "Client\Client.csproj", "{A2E2BC65-B1A4-454A-A3D4-15A0D44C746C}"
EndProject
Global
	GlobalSection(SolutionConfigurationPlatforms) = preSolution
		Debug|Any CPU = Debug|Any CPU
		Release|Any CPU = Release|Any CPU
	EndGlobalSection
	GlobalSection(ProjectConfigurationPlatforms) = postSolution
		{44023FD9-EE5F-4316-B44C-8AAF50ECD5A9}.Debug|Any CPU.ActiveCfg = Debug|Any CPU
		{44023FD9-EE5F-4316-B44C-8AAF50ECD5A9}.Debug|Any CPU.Build.0 = Debug|Any CPU
		{44023FD9-EE5F-4316-B44C-8AAF50ECD5A9}.Release|Any CPU.ActiveCfg = Release|Any CPU
		{44023FD9-EE5F-4316-B44C-8AAF50ECD5A9}.Release|Any CPU.Build.0 = Release|Any CPU
		{44787B45-CA19-414C-9A56-97C136E1CBC6}.Debug|Any CPU.ActiveCfg = Debug|Any CPU
		{44787B45-CA19-414C-9A56-97C136E1CBC6}.Debug|Any CPU.Build.0 = Debug|Any CPU
		{44787B45-CA19-414C-9A56-97C136E1CBC6}.Release|Any CPU.ActiveCfg = Release|Any CPU
		{44787B45-CA19-414C-9A56-97C136E1CBC6}.Release|Any CPU.Build.0 = Release|Any CPU
		{A2E2BC65-B1A4-454A-A3D4-15A0D44C746C}.Debug|Any CPU.ActiveCfg = Debug|Any CPU
		{A2E2BC65-B1A4-454A-A3D4-15A0D44C746C}.Debug|Any CPU.Build.0 = Debug|Any CPU
		{A2E2BC65-B1A4-454A-A3D4-15A0D44C746C}.Release|Any CPU.ActiveCfg = Release|Any CPU
		{A2E2BC65-B1A4-454A-A3D4-15A0D44C746C}.Release|Any CPU.Build.0 = Release|Any CPU
	EndGlobalSection
	GlobalSection(SolutionProperties) = preSolution
		HideSolutionNode = FALSE
	EndGlobalSection
	GlobalSection(ExtensibilityGlobals) = postSolution
		SolutionGuid = {DE57967E-AC75-4777-A85D-88EFD8D17D96}
	EndGlobalSection
EndGlobal
